
Microsoft Visual Studio Solution File, Format Version 12.00
# Visual Studio 14
VisualStudioVersion = 14.0.25123.0
MinimumVisualStudioVersion = 10.0.40219.1
Project("{FAE04EC0-301F-11D3-BF4B-00C04F79EFBC}") = "MapTest", "MapTest\MapTest\MapTest.csproj", "{FD7A1A28-6C7B-401E-BE33-70405D9CD2E7}"
EndProject
Project("{FAE04EC0-301F-11D3-BF4B-00C04F79EFBC}") = "MapTest.Droid", "MapTest\MapTest.Droid\MapTest.Droid.csproj", "{A208F189-C35D-4564-A7BE-1AE4FFB3CDF3}"
EndProject
Project("{FAE04EC0-301F-11D3-BF4B-00C04F79EFBC}") = "MapTest.iOS", "MapTest\MapTest.iOS\MapTest.iOS.csproj", "{4CF03B79-334A-4867-8275-36B7AA71A0BA}"
EndProject
Project("{FAE04EC0-301F-11D3-BF4B-00C04F79EFBC}") = "MapTest.WinPhone", "MapTest\MapTest.WinPhone\MapTest.WinPhone.csproj", "{9357157C-5F24-43D6-8E8F-D9E1D0D1475E}"
EndProject
Project("{FAE04EC0-301F-11D3-BF4B-00C04F79EFBC}") = "MapTest.UWP", "MapTest\MapTest.UWP\MapTest.UWP.csproj", "{297962B4-702F-45FF-8048-75A84F600C12}"
EndProject
Project("{FAE04EC0-301F-11D3-BF4B-00C04F79EFBC}") = "MapTest.Windows", "MapTest\MapTest.Windows\MapTest.Windows.csproj", "{C8D29BDA-CF23-4DC4-88ED-EC247194D92D}"
EndProject
Global
	GlobalSection(SolutionConfigurationPlatforms) = preSolution
		Ad-Hoc|Any CPU = Ad-Hoc|Any CPU
		Ad-Hoc|ARM = Ad-Hoc|ARM
		Ad-Hoc|iPhone = Ad-Hoc|iPhone
		Ad-Hoc|iPhoneSimulator = Ad-Hoc|iPhoneSimulator
		Ad-Hoc|x64 = Ad-Hoc|x64
		Ad-Hoc|x86 = Ad-Hoc|x86
		AppStore|Any CPU = AppStore|Any CPU
		AppStore|ARM = AppStore|ARM
		AppStore|iPhone = AppStore|iPhone
		AppStore|iPhoneSimulator = AppStore|iPhoneSimulator
		AppStore|x64 = AppStore|x64
		AppStore|x86 = AppStore|x86
		Debug|Any CPU = Debug|Any CPU
		Debug|ARM = Debug|ARM
		Debug|iPhone = Debug|iPhone
		Debug|iPhoneSimulator = Debug|iPhoneSimulator
		Debug|x64 = Debug|x64
		Debug|x86 = Debug|x86
		Release|Any CPU = Release|Any CPU
		Release|ARM = Release|ARM
		Release|iPhone = Release|iPhone
		Release|iPhoneSimulator = Release|iPhoneSimulator
		Release|x64 = Release|x64
		Release|x86 = Release|x86
	EndGlobalSection
	GlobalSection(ProjectConfigurationPlatforms) = postSolution
		{FD7A1A28-6C7B-401E-BE33-70405D9CD2E7}.Ad-Hoc|Any CPU.ActiveCfg = Release|Any CPU
		{FD7A1A28-6C7B-401E-BE33-70405D9CD2E7}.Ad-Hoc|Any CPU.Build.0 = Release|Any CPU
		{FD7A1A28-6C7B-401E-BE33-70405D9CD2E7}.Ad-Hoc|ARM.ActiveCfg = Release|Any CPU
		{FD7A1A28-6C7B-401E-BE33-70405D9CD2E7}.Ad-Hoc|ARM.Build.0 = Release|Any CPU
		{FD7A1A28-6C7B-401E-BE33-70405D9CD2E7}.Ad-Hoc|iPhone.ActiveCfg = Release|Any CPU
		{FD7A1A28-6C7B-401E-BE33-70405D9CD2E7}.Ad-Hoc|iPhone.Build.0 = Release|Any CPU
		{FD7A1A28-6C7B-401E-BE33-70405D9CD2E7}.Ad-Hoc|iPhoneSimulator.ActiveCfg = Release|Any CPU
		{FD7A1A28-6C7B-401E-BE33-70405D9CD2E7}.Ad-Hoc|iPhoneSimulator.Build.0 = Release|Any CPU
		{FD7A1A28-6C7B-401E-BE33-70405D9CD2E7}.Ad-Hoc|x64.ActiveCfg = Release|Any CPU
		{FD7A1A28-6C7B-401E-BE33-70405D9CD2E7}.Ad-Hoc|x64.Build.0 = Release|Any CPU
		{FD7A1A28-6C7B-401E-BE33-70405D9CD2E7}.Ad-Hoc|x86.ActiveCfg = Release|Any CPU
		{FD7A1A28-6C7B-401E-BE33-70405D9CD2E7}.Ad-Hoc|x86.Build.0 = Release|Any CPU
		{FD7A1A28-6C7B-401E-BE33-70405D9CD2E7}.AppStore|Any CPU.ActiveCfg = Release|Any CPU
		{FD7A1A28-6C7B-401E-BE33-70405D9CD2E7}.AppStore|Any CPU.Build.0 = Release|Any CPU
		{FD7A1A28-6C7B-401E-BE33-70405D9CD2E7}.AppStore|ARM.ActiveCfg = Release|Any CPU
		{FD7A1A28-6C7B-401E-BE33-70405D9CD2E7}.AppStore|ARM.Build.0 = Release|Any CPU
		{FD7A1A28-6C7B-401E-BE33-70405D9CD2E7}.AppStore|iPhone.ActiveCfg = Release|Any CPU
		{FD7A1A28-6C7B-401E-BE33-70405D9CD2E7}.AppStore|iPhone.Build.0 = Release|Any CPU
		{FD7A1A28-6C7B-401E-BE33-70405D9CD2E7}.AppStore|iPhoneSimulator.ActiveCfg = Release|Any CPU
		{FD7A1A28-6C7B-401E-BE33-70405D9CD2E7}.AppStore|iPhoneSimulator.Build.0 = Release|Any CPU
		{FD7A1A28-6C7B-401E-BE33-70405D9CD2E7}.AppStore|x64.ActiveCfg = Release|Any CPU
		{FD7A1A28-6C7B-401E-BE33-70405D9CD2E7}.AppStore|x64.Build.0 = Release|Any CPU
		{FD7A1A28-6C7B-401E-BE33-70405D9CD2E7}.AppStore|x86.ActiveCfg = Release|Any CPU
		{FD7A1A28-6C7B-401E-BE33-70405D9CD2E7}.AppStore|x86.Build.0 = Release|Any CPU
		{FD7A1A28-6C7B-401E-BE33-70405D9CD2E7}.Debug|Any CPU.ActiveCfg = Debug|Any CPU
		{FD7A1A28-6C7B-401E-BE33-70405D9CD2E7}.Debug|Any CPU.Build.0 = Debug|Any CPU
		{FD7A1A28-6C7B-401E-BE33-70405D9CD2E7}.Debug|ARM.ActiveCfg = Debug|Any CPU
		{FD7A1A28-6C7B-401E-BE33-70405D9CD2E7}.Debug|ARM.Build.0 = Debug|Any CPU
		{FD7A1A28-6C7B-401E-BE33-70405D9CD2E7}.Debug|iPhone.ActiveCfg = Debug|Any CPU
		{FD7A1A28-6C7B-401E-BE33-70405D9CD2E7}.Debug|iPhone.Build.0 = Debug|Any CPU
		{FD7A1A28-6C7B-401E-BE33-70405D9CD2E7}.Debug|iPhoneSimulator.ActiveCfg = Debug|Any CPU
		{FD7A1A28-6C7B-401E-BE33-70405D9CD2E7}.Debug|iPhoneSimulator.Build.0 = Debug|Any CPU
		{FD7A1A28-6C7B-401E-BE33-70405D9CD2E7}.Debug|x64.ActiveCfg = Debug|Any CPU
		{FD7A1A28-6C7B-401E-BE33-70405D9CD2E7}.Debug|x64.Build.0 = Debug|Any CPU
		{FD7A1A28-6C7B-401E-BE33-70405D9CD2E7}.Debug|x86.ActiveCfg = Debug|Any CPU
		{FD7A1A28-6C7B-401E-BE33-70405D9CD2E7}.Debug|x86.Build.0 = Debug|Any CPU
		{FD7A1A28-6C7B-401E-BE33-70405D9CD2E7}.Release|Any CPU.ActiveCfg = Release|Any CPU
		{FD7A1A28-6C7B-401E-BE33-70405D9CD2E7}.Release|Any CPU.Build.0 = Release|Any CPU
		{FD7A1A28-6C7B-401E-BE33-70405D9CD2E7}.Release|ARM.ActiveCfg = Release|Any CPU
		{FD7A1A28-6C7B-401E-BE33-70405D9CD2E7}.Release|ARM.Build.0 = Release|Any CPU
		{FD7A1A28-6C7B-401E-BE33-70405D9CD2E7}.Release|iPhone.ActiveCfg = Release|Any CPU
		{FD7A1A28-6C7B-401E-BE33-70405D9CD2E7}.Release|iPhone.Build.0 = Release|Any CPU
		{FD7A1A28-6C7B-401E-BE33-70405D9CD2E7}.Release|iPhoneSimulator.ActiveCfg = Release|Any CPU
		{FD7A1A28-6C7B-401E-BE33-70405D9CD2E7}.Release|iPhoneSimulator.Build.0 = Release|Any CPU
		{FD7A1A28-6C7B-401E-BE33-70405D9CD2E7}.Release|x64.ActiveCfg = Release|Any CPU
		{FD7A1A28-6C7B-401E-BE33-70405D9CD2E7}.Release|x64.Build.0 = Release|Any CPU
		{FD7A1A28-6C7B-401E-BE33-70405D9CD2E7}.Release|x86.ActiveCfg = Release|Any CPU
		{FD7A1A28-6C7B-401E-BE33-70405D9CD2E7}.Release|x86.Build.0 = Release|Any CPU
		{A208F189-C35D-4564-A7BE-1AE4FFB3CDF3}.Ad-Hoc|Any CPU.ActiveCfg = Release|Any CPU
		{A208F189-C35D-4564-A7BE-1AE4FFB3CDF3}.Ad-Hoc|Any CPU.Build.0 = Release|Any CPU
		{A208F189-C35D-4564-A7BE-1AE4FFB3CDF3}.Ad-Hoc|Any CPU.Deploy.0 = Release|Any CPU
		{A208F189-C35D-4564-A7BE-1AE4FFB3CDF3}.Ad-Hoc|ARM.ActiveCfg = Release|Any CPU
		{A208F189-C35D-4564-A7BE-1AE4FFB3CDF3}.Ad-Hoc|ARM.Build.0 = Release|Any CPU
		{A208F189-C35D-4564-A7BE-1AE4FFB3CDF3}.Ad-Hoc|ARM.Deploy.0 = Release|Any CPU
		{A208F189-C35D-4564-A7BE-1AE4FFB3CDF3}.Ad-Hoc|iPhone.ActiveCfg = Release|Any CPU
		{A208F189-C35D-4564-A7BE-1AE4FFB3CDF3}.Ad-Hoc|iPhone.Build.0 = Release|Any CPU
		{A208F189-C35D-4564-A7BE-1AE4FFB3CDF3}.Ad-Hoc|iPhone.Deploy.0 = Release|Any CPU
		{A208F189-C35D-4564-A7BE-1AE4FFB3CDF3}.Ad-Hoc|iPhoneSimulator.ActiveCfg = Release|Any CPU
		{A208F189-C35D-4564-A7BE-1AE4FFB3CDF3}.Ad-Hoc|iPhoneSimulator.Build.0 = Release|Any CPU
		{A208F189-C35D-4564-A7BE-1AE4FFB3CDF3}.Ad-Hoc|iPhoneSimulator.Deploy.0 = Release|Any CPU
		{A208F189-C35D-4564-A7BE-1AE4FFB3CDF3}.Ad-Hoc|x64.ActiveCfg = Release|Any CPU
		{A208F189-C35D-4564-A7BE-1AE4FFB3CDF3}.Ad-Hoc|x64.Build.0 = Release|Any CPU
		{A208F189-C35D-4564-A7BE-1AE4FFB3CDF3}.Ad-Hoc|x64.Deploy.0 = Release|Any CPU
		{A208F189-C35D-4564-A7BE-1AE4FFB3CDF3}.Ad-Hoc|x86.ActiveCfg = Release|Any CPU
		{A208F189-C35D-4564-A7BE-1AE4FFB3CDF3}.Ad-Hoc|x86.Build.0 = Release|Any CPU
		{A208F189-C35D-4564-A7BE-1AE4FFB3CDF3}.Ad-Hoc|x86.Deploy.0 = Release|Any CPU
		{A208F189-C35D-4564-A7BE-1AE4FFB3CDF3}.AppStore|Any CPU.ActiveCfg = Release|Any CPU
		{A208F189-C35D-4564-A7BE-1AE4FFB3CDF3}.AppStore|Any CPU.Build.0 = Release|Any CPU
		{A208F189-C35D-4564-A7BE-1AE4FFB3CDF3}.AppStore|Any CPU.Deploy.0 = Release|Any CPU
		{A208F189-C35D-4564-A7BE-1AE4FFB3CDF3}.AppStore|ARM.ActiveCfg = Release|Any CPU
		{A208F189-C35D-4564-A7BE-1AE4FFB3CDF3}.AppStore|ARM.Build.0 = Release|Any CPU
		{A208F189-C35D-4564-A7BE-1AE4FFB3CDF3}.AppStore|ARM.Deploy.0 = Release|Any CPU
		{A208F189-C35D-4564-A7BE-1AE4FFB3CDF3}.AppStore|iPhone.ActiveCfg = Release|Any CPU
		{A208F189-C35D-4564-A7BE-1AE4FFB3CDF3}.AppStore|iPhone.Build.0 = Release|Any CPU
		{A208F189-C35D-4564-A7BE-1AE4FFB3CDF3}.AppStore|iPhone.Deploy.0 = Release|Any CPU
		{A208F189-C35D-4564-A7BE-1AE4FFB3CDF3}.AppStore|iPhoneSimulator.ActiveCfg = Release|Any CPU
		{A208F189-C35D-4564-A7BE-1AE4FFB3CDF3}.AppStore|iPhoneSimulator.Build.0 = Release|Any CPU
		{A208F189-C35D-4564-A7BE-1AE4FFB3CDF3}.AppStore|iPhoneSimulator.Deploy.0 = Release|Any CPU
		{A208F189-C35D-4564-A7BE-1AE4FFB3CDF3}.AppStore|x64.ActiveCfg = Release|Any CPU
		{A208F189-C35D-4564-A7BE-1AE4FFB3CDF3}.AppStore|x64.Build.0 = Release|Any CPU
		{A208F189-C35D-4564-A7BE-1AE4FFB3CDF3}.AppStore|x64.Deploy.0 = Release|Any CPU
		{A208F189-C35D-4564-A7BE-1AE4FFB3CDF3}.AppStore|x86.ActiveCfg = Release|Any CPU
		{A208F189-C35D-4564-A7BE-1AE4FFB3CDF3}.AppStore|x86.Build.0 = Release|Any CPU
		{A208F189-C35D-4564-A7BE-1AE4FFB3CDF3}.AppStore|x86.Deploy.0 = Release|Any CPU
		{A208F189-C35D-4564-A7BE-1AE4FFB3CDF3}.Debug|Any CPU.ActiveCfg = Debug|Any CPU
		{A208F189-C35D-4564-A7BE-1AE4FFB3CDF3}.Debug|Any CPU.Build.0 = Debug|Any CPU
		{A208F189-C35D-4564-A7BE-1AE4FFB3CDF3}.Debug|Any CPU.Deploy.0 = Debug|Any CPU
		{A208F189-C35D-4564-A7BE-1AE4FFB3CDF3}.Debug|ARM.ActiveCfg = Debug|Any CPU
		{A208F189-C35D-4564-A7BE-1AE4FFB3CDF3}.Debug|ARM.Build.0 = Debug|Any CPU
		{A208F189-C35D-4564-A7BE-1AE4FFB3CDF3}.Debug|ARM.Deploy.0 = Debug|Any CPU
		{A208F189-C35D-4564-A7BE-1AE4FFB3CDF3}.Debug|iPhone.ActiveCfg = Debug|Any CPU
		{A208F189-C35D-4564-A7BE-1AE4FFB3CDF3}.Debug|iPhone.Build.0 = Debug|Any CPU
		{A208F189-C35D-4564-A7BE-1AE4FFB3CDF3}.Debug|iPhone.Deploy.0 = Debug|Any CPU
		{A208F189-C35D-4564-A7BE-1AE4FFB3CDF3}.Debug|iPhoneSimulator.ActiveCfg = Debug|Any CPU
		{A208F189-C35D-4564-A7BE-1AE4FFB3CDF3}.Debug|iPhoneSimulator.Build.0 = Debug|Any CPU
		{A208F189-C35D-4564-A7BE-1AE4FFB3CDF3}.Debug|iPhoneSimulator.Deploy.0 = Debug|Any CPU
		{A208F189-C35D-4564-A7BE-1AE4FFB3CDF3}.Debug|x64.ActiveCfg = Debug|Any CPU
		{A208F189-C35D-4564-A7BE-1AE4FFB3CDF3}.Debug|x64.Build.0 = Debug|Any CPU
		{A208F189-C35D-4564-A7BE-1AE4FFB3CDF3}.Debug|x64.Deploy.0 = Debug|Any CPU
		{A208F189-C35D-4564-A7BE-1AE4FFB3CDF3}.Debug|x86.ActiveCfg = Debug|Any CPU
		{A208F189-C35D-4564-A7BE-1AE4FFB3CDF3}.Debug|x86.Build.0 = Debug|Any CPU
		{A208F189-C35D-4564-A7BE-1AE4FFB3CDF3}.Debug|x86.Deploy.0 = Debug|Any CPU
		{A208F189-C35D-4564-A7BE-1AE4FFB3CDF3}.Release|Any CPU.ActiveCfg = Release|Any CPU
		{A208F189-C35D-4564-A7BE-1AE4FFB3CDF3}.Release|Any CPU.Build.0 = Release|Any CPU
		{A208F189-C35D-4564-A7BE-1AE4FFB3CDF3}.Release|Any CPU.Deploy.0 = Release|Any CPU
		{A208F189-C35D-4564-A7BE-1AE4FFB3CDF3}.Release|ARM.ActiveCfg = Release|Any CPU
		{A208F189-C35D-4564-A7BE-1AE4FFB3CDF3}.Release|ARM.Build.0 = Release|Any CPU
		{A208F189-C35D-4564-A7BE-1AE4FFB3CDF3}.Release|ARM.Deploy.0 = Release|Any CPU
		{A208F189-C35D-4564-A7BE-1AE4FFB3CDF3}.Release|iPhone.ActiveCfg = Release|Any CPU
		{A208F189-C35D-4564-A7BE-1AE4FFB3CDF3}.Release|iPhone.Build.0 = Release|Any CPU
		{A208F189-C35D-4564-A7BE-1AE4FFB3CDF3}.Release|iPhone.Deploy.0 = Release|Any CPU
		{A208F189-C35D-4564-A7BE-1AE4FFB3CDF3}.Release|iPhoneSimulator.ActiveCfg = Release|Any CPU
		{A208F189-C35D-4564-A7BE-1AE4FFB3CDF3}.Release|iPhoneSimulator.Build.0 = Release|Any CPU
		{A208F189-C35D-4564-A7BE-1AE4FFB3CDF3}.Release|iPhoneSimulator.Deploy.0 = Release|Any CPU
		{A208F189-C35D-4564-A7BE-1AE4FFB3CDF3}.Release|x64.ActiveCfg = Release|Any CPU
		{A208F189-C35D-4564-A7BE-1AE4FFB3CDF3}.Release|x64.Build.0 = Release|Any CPU
		{A208F189-C35D-4564-A7BE-1AE4FFB3CDF3}.Release|x64.Deploy.0 = Release|Any CPU
		{A208F189-C35D-4564-A7BE-1AE4FFB3CDF3}.Release|x86.ActiveCfg = Release|Any CPU
		{A208F189-C35D-4564-A7BE-1AE4FFB3CDF3}.Release|x86.Build.0 = Release|Any CPU
		{A208F189-C35D-4564-A7BE-1AE4FFB3CDF3}.Release|x86.Deploy.0 = Release|Any CPU
		{4CF03B79-334A-4867-8275-36B7AA71A0BA}.Ad-Hoc|Any CPU.ActiveCfg = Ad-Hoc|iPhone
		{4CF03B79-334A-4867-8275-36B7AA71A0BA}.Ad-Hoc|ARM.ActiveCfg = Ad-Hoc|iPhone
		{4CF03B79-334A-4867-8275-36B7AA71A0BA}.Ad-Hoc|iPhone.ActiveCfg = Ad-Hoc|iPhone
		{4CF03B79-334A-4867-8275-36B7AA71A0BA}.Ad-Hoc|iPhone.Build.0 = Ad-Hoc|iPhone
		{4CF03B79-334A-4867-8275-36B7AA71A0BA}.Ad-Hoc|iPhoneSimulator.ActiveCfg = Ad-Hoc|iPhoneSimulator
		{4CF03B79-334A-4867-8275-36B7AA71A0BA}.Ad-Hoc|iPhoneSimulator.Build.0 = Ad-Hoc|iPhoneSimulator
		{4CF03B79-334A-4867-8275-36B7AA71A0BA}.Ad-Hoc|x64.ActiveCfg = Ad-Hoc|iPhone
		{4CF03B79-334A-4867-8275-36B7AA71A0BA}.Ad-Hoc|x86.ActiveCfg = Ad-Hoc|iPhone
		{4CF03B79-334A-4867-8275-36B7AA71A0BA}.AppStore|Any CPU.ActiveCfg = AppStore|iPhone
		{4CF03B79-334A-4867-8275-36B7AA71A0BA}.AppStore|ARM.ActiveCfg = AppStore|iPhone
		{4CF03B79-334A-4867-8275-36B7AA71A0BA}.AppStore|iPhone.ActiveCfg = AppStore|iPhone
		{4CF03B79-334A-4867-8275-36B7AA71A0BA}.AppStore|iPhone.Build.0 = AppStore|iPhone
		{4CF03B79-334A-4867-8275-36B7AA71A0BA}.AppStore|iPhoneSimulator.ActiveCfg = AppStore|iPhoneSimulator
		{4CF03B79-334A-4867-8275-36B7AA71A0BA}.AppStore|iPhoneSimulator.Build.0 = AppStore|iPhoneSimulator
		{4CF03B79-334A-4867-8275-36B7AA71A0BA}.AppStore|x64.ActiveCfg = AppStore|iPhone
		{4CF03B79-334A-4867-8275-36B7AA71A0BA}.AppStore|x86.ActiveCfg = AppStore|iPhone
		{4CF03B79-334A-4867-8275-36B7AA71A0BA}.Debug|Any CPU.ActiveCfg = Debug|iPhone
		{4CF03B79-334A-4867-8275-36B7AA71A0BA}.Debug|ARM.ActiveCfg = Debug|iPhone
		{4CF03B79-334A-4867-8275-36B7AA71A0BA}.Debug|iPhone.ActiveCfg = Debug|iPhone
		{4CF03B79-334A-4867-8275-36B7AA71A0BA}.Debug|iPhone.Build.0 = Debug|iPhone
		{4CF03B79-334A-4867-8275-36B7AA71A0BA}.Debug|iPhoneSimulator.ActiveCfg = Debug|iPhoneSimulator
		{4CF03B79-334A-4867-8275-36B7AA71A0BA}.Debug|iPhoneSimulator.Build.0 = Debug|iPhoneSimulator
		{4CF03B79-334A-4867-8275-36B7AA71A0BA}.Debug|x64.ActiveCfg = Debug|iPhone
		{4CF03B79-334A-4867-8275-36B7AA71A0BA}.Debug|x86.ActiveCfg = Debug|iPhone
		{4CF03B79-334A-4867-8275-36B7AA71A0BA}.Release|Any CPU.ActiveCfg = Release|iPhone
		{4CF03B79-334A-4867-8275-36B7AA71A0BA}.Release|ARM.ActiveCfg = Release|iPhone
		{4CF03B79-334A-4867-8275-36B7AA71A0BA}.Release|iPhone.ActiveCfg = Release|iPhone
		{4CF03B79-334A-4867-8275-36B7AA71A0BA}.Release|iPhone.Build.0 = Release|iPhone
		{4CF03B79-334A-4867-8275-36B7AA71A0BA}.Release|iPhoneSimulator.ActiveCfg = Release|iPhoneSimulator
		{4CF03B79-334A-4867-8275-36B7AA71A0BA}.Release|iPhoneSimulator.Build.0 = Release|iPhoneSimulator
		{4CF03B79-334A-4867-8275-36B7AA71A0BA}.Release|x64.ActiveCfg = Release|iPhone
		{4CF03B79-334A-4867-8275-36B7AA71A0BA}.Release|x86.ActiveCfg = Release|iPhone
		{9357157C-5F24-43D6-8E8F-D9E1D0D1475E}.Ad-Hoc|Any CPU.ActiveCfg = Release|Any CPU
		{9357157C-5F24-43D6-8E8F-D9E1D0D1475E}.Ad-Hoc|Any CPU.Build.0 = Release|Any CPU
		{9357157C-5F24-43D6-8E8F-D9E1D0D1475E}.Ad-Hoc|Any CPU.Deploy.0 = Release|Any CPU
		{9357157C-5F24-43D6-8E8F-D9E1D0D1475E}.Ad-Hoc|ARM.ActiveCfg = Release|ARM
		{9357157C-5F24-43D6-8E8F-D9E1D0D1475E}.Ad-Hoc|ARM.Build.0 = Release|ARM
		{9357157C-5F24-43D6-8E8F-D9E1D0D1475E}.Ad-Hoc|ARM.Deploy.0 = Release|ARM
		{9357157C-5F24-43D6-8E8F-D9E1D0D1475E}.Ad-Hoc|iPhone.ActiveCfg = Release|Any CPU
		{9357157C-5F24-43D6-8E8F-D9E1D0D1475E}.Ad-Hoc|iPhone.Build.0 = Release|Any CPU
		{9357157C-5F24-43D6-8E8F-D9E1D0D1475E}.Ad-Hoc|iPhone.Deploy.0 = Release|Any CPU
		{9357157C-5F24-43D6-8E8F-D9E1D0D1475E}.Ad-Hoc|iPhoneSimulator.ActiveCfg = Release|Any CPU
		{9357157C-5F24-43D6-8E8F-D9E1D0D1475E}.Ad-Hoc|iPhoneSimulator.Build.0 = Release|Any CPU
		{9357157C-5F24-43D6-8E8F-D9E1D0D1475E}.Ad-Hoc|iPhoneSimulator.Deploy.0 = Release|Any CPU
		{9357157C-5F24-43D6-8E8F-D9E1D0D1475E}.Ad-Hoc|x64.ActiveCfg = Release|Any CPU
		{9357157C-5F24-43D6-8E8F-D9E1D0D1475E}.Ad-Hoc|x64.Build.0 = Release|Any CPU
		{9357157C-5F24-43D6-8E8F-D9E1D0D1475E}.Ad-Hoc|x64.Deploy.0 = Release|Any CPU
		{9357157C-5F24-43D6-8E8F-D9E1D0D1475E}.Ad-Hoc|x86.ActiveCfg = Release|x86
		{9357157C-5F24-43D6-8E8F-D9E1D0D1475E}.Ad-Hoc|x86.Build.0 = Release|x86
		{9357157C-5F24-43D6-8E8F-D9E1D0D1475E}.Ad-Hoc|x86.Deploy.0 = Release|x86
		{9357157C-5F24-43D6-8E8F-D9E1D0D1475E}.AppStore|Any CPU.ActiveCfg = Release|Any CPU
		{9357157C-5F24-43D6-8E8F-D9E1D0D1475E}.AppStore|Any CPU.Build.0 = Release|Any CPU
		{9357157C-5F24-43D6-8E8F-D9E1D0D1475E}.AppStore|Any CPU.Deploy.0 = Release|Any CPU
		{9357157C-5F24-43D6-8E8F-D9E1D0D1475E}.AppStore|ARM.ActiveCfg = Release|ARM
		{9357157C-5F24-43D6-8E8F-D9E1D0D1475E}.AppStore|ARM.Build.0 = Release|ARM
		{9357157C-5F24-43D6-8E8F-D9E1D0D1475E}.AppStore|ARM.Deploy.0 = Release|ARM
		{9357157C-5F24-43D6-8E8F-D9E1D0D1475E}.AppStore|iPhone.ActiveCfg = Release|Any CPU
		{9357157C-5F24-43D6-8E8F-D9E1D0D1475E}.AppStore|iPhone.Build.0 = Release|Any CPU
		{9357157C-5F24-43D6-8E8F-D9E1D0D1475E}.AppStore|iPhone.Deploy.0 = Release|Any CPU
		{9357157C-5F24-43D6-8E8F-D9E1D0D1475E}.AppStore|iPhoneSimulator.ActiveCfg = Release|Any CPU
		{9357157C-5F24-43D6-8E8F-D9E1D0D1475E}.AppStore|iPhoneSimulator.Build.0 = Release|Any CPU
		{9357157C-5F24-43D6-8E8F-D9E1D0D1475E}.AppStore|iPhoneSimulator.Deploy.0 = Release|Any CPU
		{9357157C-5F24-43D6-8E8F-D9E1D0D1475E}.AppStore|x64.ActiveCfg = Release|Any CPU
		{9357157C-5F24-43D6-8E8F-D9E1D0D1475E}.AppStore|x64.Build.0 = Release|Any CPU
		{9357157C-5F24-43D6-8E8F-D9E1D0D1475E}.AppStore|x64.Deploy.0 = Release|Any CPU
		{9357157C-5F24-43D6-8E8F-D9E1D0D1475E}.AppStore|x86.ActiveCfg = Release|x86
		{9357157C-5F24-43D6-8E8F-D9E1D0D1475E}.AppStore|x86.Build.0 = Release|x86
		{9357157C-5F24-43D6-8E8F-D9E1D0D1475E}.AppStore|x86.Deploy.0 = Release|x86
		{9357157C-5F24-43D6-8E8F-D9E1D0D1475E}.Debug|Any CPU.ActiveCfg = Debug|Any CPU
		{9357157C-5F24-43D6-8E8F-D9E1D0D1475E}.Debug|Any CPU.Build.0 = Debug|Any CPU
		{9357157C-5F24-43D6-8E8F-D9E1D0D1475E}.Debug|Any CPU.Deploy.0 = Debug|Any CPU
		{9357157C-5F24-43D6-8E8F-D9E1D0D1475E}.Debug|ARM.ActiveCfg = Debug|ARM
		{9357157C-5F24-43D6-8E8F-D9E1D0D1475E}.Debug|ARM.Build.0 = Debug|ARM
		{9357157C-5F24-43D6-8E8F-D9E1D0D1475E}.Debug|ARM.Deploy.0 = Debug|ARM
		{9357157C-5F24-43D6-8E8F-D9E1D0D1475E}.Debug|iPhone.ActiveCfg = Debug|Any CPU
		{9357157C-5F24-43D6-8E8F-D9E1D0D1475E}.Debug|iPhone.Build.0 = Debug|Any CPU
		{9357157C-5F24-43D6-8E8F-D9E1D0D1475E}.Debug|iPhone.Deploy.0 = Debug|Any CPU
		{9357157C-5F24-43D6-8E8F-D9E1D0D1475E}.Debug|iPhoneSimulator.ActiveCfg = Debug|Any CPU
		{9357157C-5F24-43D6-8E8F-D9E1D0D1475E}.Debug|iPhoneSimulator.Build.0 = Debug|Any CPU
		{9357157C-5F24-43D6-8E8F-D9E1D0D1475E}.Debug|iPhoneSimulator.Deploy.0 = Debug|Any CPU
		{9357157C-5F24-43D6-8E8F-D9E1D0D1475E}.Debug|x64.ActiveCfg = Debug|Any CPU
		{9357157C-5F24-43D6-8E8F-D9E1D0D1475E}.Debug|x64.Build.0 = Debug|Any CPU
		{9357157C-5F24-43D6-8E8F-D9E1D0D1475E}.Debug|x64.Deploy.0 = Debug|Any CPU
		{9357157C-5F24-43D6-8E8F-D9E1D0D1475E}.Debug|x86.ActiveCfg = Debug|x86
		{9357157C-5F24-43D6-8E8F-D9E1D0D1475E}.Debug|x86.Build.0 = Debug|x86
		{9357157C-5F24-43D6-8E8F-D9E1D0D1475E}.Debug|x86.Deploy.0 = Debug|x86
		{9357157C-5F24-43D6-8E8F-D9E1D0D1475E}.Release|Any CPU.ActiveCfg = Release|Any CPU
		{9357157C-5F24-43D6-8E8F-D9E1D0D1475E}.Release|Any CPU.Build.0 = Release|Any CPU
		{9357157C-5F24-43D6-8E8F-D9E1D0D1475E}.Release|Any CPU.Deploy.0 = Release|Any CPU
		{9357157C-5F24-43D6-8E8F-D9E1D0D1475E}.Release|ARM.ActiveCfg = Release|ARM
		{9357157C-5F24-43D6-8E8F-D9E1D0D1475E}.Release|ARM.Build.0 = Release|ARM
		{9357157C-5F24-43D6-8E8F-D9E1D0D1475E}.Release|ARM.Deploy.0 = Release|ARM
		{9357157C-5F24-43D6-8E8F-D9E1D0D1475E}.Release|iPhone.ActiveCfg = Release|Any CPU
		{9357157C-5F24-43D6-8E8F-D9E1D0D1475E}.Release|iPhone.Build.0 = Release|Any CPU
		{9357157C-5F24-43D6-8E8F-D9E1D0D1475E}.Release|iPhone.Deploy.0 = Release|Any CPU
		{9357157C-5F24-43D6-8E8F-D9E1D0D1475E}.Release|iPhoneSimulator.ActiveCfg = Release|Any CPU
		{9357157C-5F24-43D6-8E8F-D9E1D0D1475E}.Release|iPhoneSimulator.Build.0 = Release|Any CPU
		{9357157C-5F24-43D6-8E8F-D9E1D0D1475E}.Release|iPhoneSimulator.Deploy.0 = Release|Any CPU
		{9357157C-5F24-43D6-8E8F-D9E1D0D1475E}.Release|x64.ActiveCfg = Release|Any CPU
		{9357157C-5F24-43D6-8E8F-D9E1D0D1475E}.Release|x64.Build.0 = Release|Any CPU
		{9357157C-5F24-43D6-8E8F-D9E1D0D1475E}.Release|x64.Deploy.0 = Release|Any CPU
		{9357157C-5F24-43D6-8E8F-D9E1D0D1475E}.Release|x86.ActiveCfg = Release|x86
		{9357157C-5F24-43D6-8E8F-D9E1D0D1475E}.Release|x86.Build.0 = Release|x86
		{9357157C-5F24-43D6-8E8F-D9E1D0D1475E}.Release|x86.Deploy.0 = Release|x86
		{297962B4-702F-45FF-8048-75A84F600C12}.Ad-Hoc|Any CPU.ActiveCfg = Release|x86
		{297962B4-702F-45FF-8048-75A84F600C12}.Ad-Hoc|Any CPU.Build.0 = Release|x86
		{297962B4-702F-45FF-8048-75A84F600C12}.Ad-Hoc|Any CPU.Deploy.0 = Release|x86
		{297962B4-702F-45FF-8048-75A84F600C12}.Ad-Hoc|ARM.ActiveCfg = Release|ARM
		{297962B4-702F-45FF-8048-75A84F600C12}.Ad-Hoc|ARM.Build.0 = Release|ARM
		{297962B4-702F-45FF-8048-75A84F600C12}.Ad-Hoc|ARM.Deploy.0 = Release|ARM
		{297962B4-702F-45FF-8048-75A84F600C12}.Ad-Hoc|iPhone.ActiveCfg = Release|x86
		{297962B4-702F-45FF-8048-75A84F600C12}.Ad-Hoc|iPhone.Build.0 = Release|x86
		{297962B4-702F-45FF-8048-75A84F600C12}.Ad-Hoc|iPhone.Deploy.0 = Release|x86
		{297962B4-702F-45FF-8048-75A84F600C12}.Ad-Hoc|iPhoneSimulator.ActiveCfg = Release|x86
		{297962B4-702F-45FF-8048-75A84F600C12}.Ad-Hoc|iPhoneSimulator.Build.0 = Release|x86
		{297962B4-702F-45FF-8048-75A84F600C12}.Ad-Hoc|iPhoneSimulator.Deploy.0 = Release|x86
		{297962B4-702F-45FF-8048-75A84F600C12}.Ad-Hoc|x64.ActiveCfg = Release|x64
		{297962B4-702F-45FF-8048-75A84F600C12}.Ad-Hoc|x64.Build.0 = Release|x64
		{297962B4-702F-45FF-8048-75A84F600C12}.Ad-Hoc|x64.Deploy.0 = Release|x64
		{297962B4-702F-45FF-8048-75A84F600C12}.Ad-Hoc|x86.ActiveCfg = Release|x86
		{297962B4-702F-45FF-8048-75A84F600C12}.Ad-Hoc|x86.Build.0 = Release|x86
		{297962B4-702F-45FF-8048-75A84F600C12}.Ad-Hoc|x86.Deploy.0 = Release|x86
		{297962B4-702F-45FF-8048-75A84F600C12}.AppStore|Any CPU.ActiveCfg = Release|x86
		{297962B4-702F-45FF-8048-75A84F600C12}.AppStore|Any CPU.Build.0 = Release|x86
		{297962B4-702F-45FF-8048-75A84F600C12}.AppStore|Any CPU.Deploy.0 = Release|x86
		{297962B4-702F-45FF-8048-75A84F600C12}.AppStore|ARM.ActiveCfg = Release|ARM
		{297962B4-702F-45FF-8048-75A84F600C12}.AppStore|ARM.Build.0 = Release|ARM
		{297962B4-702F-45FF-8048-75A84F600C12}.AppStore|ARM.Deploy.0 = Release|ARM
		{297962B4-702F-45FF-8048-75A84F600C12}.AppStore|iPhone.ActiveCfg = Release|x86
		{297962B4-702F-45FF-8048-75A84F600C12}.AppStore|iPhone.Build.0 = Release|x86
		{297962B4-702F-45FF-8048-75A84F600C12}.AppStore|iPhone.Deploy.0 = Release|x86
		{297962B4-702F-45FF-8048-75A84F600C12}.AppStore|iPhoneSimulator.ActiveCfg = Release|x86
		{297962B4-702F-45FF-8048-75A84F600C12}.AppStore|iPhoneSimulator.Build.0 = Release|x86
		{297962B4-702F-45FF-8048-75A84F600C12}.AppStore|iPhoneSimulator.Deploy.0 = Release|x86
		{297962B4-702F-45FF-8048-75A84F600C12}.AppStore|x64.ActiveCfg = Release|x64
		{297962B4-702F-45FF-8048-75A84F600C12}.AppStore|x64.Build.0 = Release|x64
		{297962B4-702F-45FF-8048-75A84F600C12}.AppStore|x64.Deploy.0 = Release|x64
		{297962B4-702F-45FF-8048-75A84F600C12}.AppStore|x86.ActiveCfg = Release|x86
		{297962B4-702F-45FF-8048-75A84F600C12}.AppStore|x86.Build.0 = Release|x86
		{297962B4-702F-45FF-8048-75A84F600C12}.AppStore|x86.Deploy.0 = Release|x86
		{297962B4-702F-45FF-8048-75A84F600C12}.Debug|Any CPU.ActiveCfg = Debug|x86
		{297962B4-702F-45FF-8048-75A84F600C12}.Debug|ARM.ActiveCfg = Debug|ARM
		{297962B4-702F-45FF-8048-75A84F600C12}.Debug|ARM.Build.0 = Debug|ARM
		{297962B4-702F-45FF-8048-75A84F600C12}.Debug|ARM.Deploy.0 = Debug|ARM
		{297962B4-702F-45FF-8048-75A84F600C12}.Debug|iPhone.ActiveCfg = Debug|x86
		{297962B4-702F-45FF-8048-75A84F600C12}.Debug|iPhoneSimulator.ActiveCfg = Debug|x86
		{297962B4-702F-45FF-8048-75A84F600C12}.Debug|x64.ActiveCfg = Debug|x64
		{297962B4-702F-45FF-8048-75A84F600C12}.Debug|x64.Build.0 = Debug|x64
		{297962B4-702F-45FF-8048-75A84F600C12}.Debug|x64.Deploy.0 = Debug|x64
		{297962B4-702F-45FF-8048-75A84F600C12}.Debug|x86.ActiveCfg = Debug|x86
		{297962B4-702F-45FF-8048-75A84F600C12}.Debug|x86.Build.0 = Debug|x86
		{297962B4-702F-45FF-8048-75A84F600C12}.Debug|x86.Deploy.0 = Debug|x86
		{297962B4-702F-45FF-8048-75A84F600C12}.Release|Any CPU.ActiveCfg = Release|x86
		{297962B4-702F-45FF-8048-75A84F600C12}.Release|ARM.ActiveCfg = Release|ARM
		{297962B4-702F-45FF-8048-75A84F600C12}.Release|ARM.Build.0 = Release|ARM
		{297962B4-702F-45FF-8048-75A84F600C12}.Release|ARM.Deploy.0 = Release|ARM
		{297962B4-702F-45FF-8048-75A84F600C12}.Release|iPhone.ActiveCfg = Release|x86
		{297962B4-702F-45FF-8048-75A84F600C12}.Release|iPhoneSimulator.ActiveCfg = Release|x86
		{297962B4-702F-45FF-8048-75A84F600C12}.Release|x64.ActiveCfg = Release|x64
		{297962B4-702F-45FF-8048-75A84F600C12}.Release|x64.Build.0 = Release|x64
		{297962B4-702F-45FF-8048-75A84F600C12}.Release|x64.Deploy.0 = Release|x64
		{297962B4-702F-45FF-8048-75A84F600C12}.Release|x86.ActiveCfg = Release|x86
		{297962B4-702F-45FF-8048-75A84F600C12}.Release|x86.Build.0 = Release|x86
		{297962B4-702F-45FF-8048-75A84F600C12}.Release|x86.Deploy.0 = Release|x86
		{C8D29BDA-CF23-4DC4-88ED-EC247194D92D}.Ad-Hoc|Any CPU.ActiveCfg = Release|Any CPU
		{C8D29BDA-CF23-4DC4-88ED-EC247194D92D}.Ad-Hoc|Any CPU.Build.0 = Release|Any CPU
		{C8D29BDA-CF23-4DC4-88ED-EC247194D92D}.Ad-Hoc|Any CPU.Deploy.0 = Release|Any CPU
		{C8D29BDA-CF23-4DC4-88ED-EC247194D92D}.Ad-Hoc|ARM.ActiveCfg = Release|ARM
		{C8D29BDA-CF23-4DC4-88ED-EC247194D92D}.Ad-Hoc|ARM.Build.0 = Release|ARM
		{C8D29BDA-CF23-4DC4-88ED-EC247194D92D}.Ad-Hoc|ARM.Deploy.0 = Release|ARM
		{C8D29BDA-CF23-4DC4-88ED-EC247194D92D}.Ad-Hoc|iPhone.ActiveCfg = Release|Any CPU
		{C8D29BDA-CF23-4DC4-88ED-EC247194D92D}.Ad-Hoc|iPhone.Build.0 = Release|Any CPU
		{C8D29BDA-CF23-4DC4-88ED-EC247194D92D}.Ad-Hoc|iPhone.Deploy.0 = Release|Any CPU
		{C8D29BDA-CF23-4DC4-88ED-EC247194D92D}.Ad-Hoc|iPhoneSimulator.ActiveCfg = Release|Any CPU
		{C8D29BDA-CF23-4DC4-88ED-EC247194D92D}.Ad-Hoc|iPhoneSimulator.Build.0 = Release|Any CPU
		{C8D29BDA-CF23-4DC4-88ED-EC247194D92D}.Ad-Hoc|iPhoneSimulator.Deploy.0 = Release|Any CPU
		{C8D29BDA-CF23-4DC4-88ED-EC247194D92D}.Ad-Hoc|x64.ActiveCfg = Release|x64
		{C8D29BDA-CF23-4DC4-88ED-EC247194D92D}.Ad-Hoc|x64.Build.0 = Release|x64
		{C8D29BDA-CF23-4DC4-88ED-EC247194D92D}.Ad-Hoc|x64.Deploy.0 = Release|x64
		{C8D29BDA-CF23-4DC4-88ED-EC247194D92D}.Ad-Hoc|x86.ActiveCfg = Release|x86
		{C8D29BDA-CF23-4DC4-88ED-EC247194D92D}.Ad-Hoc|x86.Build.0 = Release|x86
		{C8D29BDA-CF23-4DC4-88ED-EC247194D92D}.Ad-Hoc|x86.Deploy.0 = Release|x86
		{C8D29BDA-CF23-4DC4-88ED-EC247194D92D}.AppStore|Any CPU.ActiveCfg = Release|Any CPU
		{C8D29BDA-CF23-4DC4-88ED-EC247194D92D}.AppStore|Any CPU.Build.0 = Release|Any CPU
		{C8D29BDA-CF23-4DC4-88ED-EC247194D92D}.AppStore|Any CPU.Deploy.0 = Release|Any CPU
		{C8D29BDA-CF23-4DC4-88ED-EC247194D92D}.AppStore|ARM.ActiveCfg = Release|ARM
		{C8D29BDA-CF23-4DC4-88ED-EC247194D92D}.AppStore|ARM.Build.0 = Release|ARM
		{C8D29BDA-CF23-4DC4-88ED-EC247194D92D}.AppStore|ARM.Deploy.0 = Release|ARM
		{C8D29BDA-CF23-4DC4-88ED-EC247194D92D}.AppStore|iPhone.ActiveCfg = Release|Any CPU
		{C8D29BDA-CF23-4DC4-88ED-EC247194D92D}.AppStore|iPhone.Build.0 = Release|Any CPU
		{C8D29BDA-CF23-4DC4-88ED-EC247194D92D}.AppStore|iPhone.Deploy.0 = Release|Any CPU
		{C8D29BDA-CF23-4DC4-88ED-EC247194D92D}.AppStore|iPhoneSimulator.ActiveCfg = Release|Any CPU
		{C8D29BDA-CF23-4DC4-88ED-EC247194D92D}.AppStore|iPhoneSimulator.Build.0 = Release|Any CPU
		{C8D29BDA-CF23-4DC4-88ED-EC247194D92D}.AppStore|iPhoneSimulator.Deploy.0 = Release|Any CPU
		{C8D29BDA-CF23-4DC4-88ED-EC247194D92D}.AppStore|x64.ActiveCfg = Release|x64
		{C8D29BDA-CF23-4DC4-88ED-EC247194D92D}.AppStore|x64.Build.0 = Release|x64
		{C8D29BDA-CF23-4DC4-88ED-EC247194D92D}.AppStore|x64.Deploy.0 = Release|x64
		{C8D29BDA-CF23-4DC4-88ED-EC247194D92D}.AppStore|x86.ActiveCfg = Release|x86
		{C8D29BDA-CF23-4DC4-88ED-EC247194D92D}.AppStore|x86.Build.0 = Release|x86
		{C8D29BDA-CF23-4DC4-88ED-EC247194D92D}.AppStore|x86.Deploy.0 = Release|x86
		{C8D29BDA-CF23-4DC4-88ED-EC247194D92D}.Debug|Any CPU.ActiveCfg = Debug|Any CPU
		{C8D29BDA-CF23-4DC4-88ED-EC247194D92D}.Debug|Any CPU.Build.0 = Debug|Any CPU
		{C8D29BDA-CF23-4DC4-88ED-EC247194D92D}.Debug|Any CPU.Deploy.0 = Debug|Any CPU
		{C8D29BDA-CF23-4DC4-88ED-EC247194D92D}.Debug|ARM.ActiveCfg = Debug|ARM
		{C8D29BDA-CF23-4DC4-88ED-EC247194D92D}.Debug|ARM.Build.0 = Debug|ARM
		{C8D29BDA-CF23-4DC4-88ED-EC247194D92D}.Debug|ARM.Deploy.0 = Debug|ARM
		{C8D29BDA-CF23-4DC4-88ED-EC247194D92D}.Debug|iPhone.ActiveCfg = Debug|Any CPU
		{C8D29BDA-CF23-4DC4-88ED-EC247194D92D}.Debug|iPhone.Build.0 = Debug|Any CPU
		{C8D29BDA-CF23-4DC4-88ED-EC247194D92D}.Debug|iPhone.Deploy.0 = Debug|Any CPU
		{C8D29BDA-CF23-4DC4-88ED-EC247194D92D}.Debug|iPhoneSimulator.ActiveCfg = Debug|Any CPU
		{C8D29BDA-CF23-4DC4-88ED-EC247194D92D}.Debug|iPhoneSimulator.Build.0 = Debug|Any CPU
		{C8D29BDA-CF23-4DC4-88ED-EC247194D92D}.Debug|iPhoneSimulator.Deploy.0 = Debug|Any CPU
		{C8D29BDA-CF23-4DC4-88ED-EC247194D92D}.Debug|x64.ActiveCfg = Debug|x64
		{C8D29BDA-CF23-4DC4-88ED-EC247194D92D}.Debug|x64.Build.0 = Debug|x64
		{C8D29BDA-CF23-4DC4-88ED-EC247194D92D}.Debug|x64.Deploy.0 = Debug|x64
		{C8D29BDA-CF23-4DC4-88ED-EC247194D92D}.Debug|x86.ActiveCfg = Debug|x86
		{C8D29BDA-CF23-4DC4-88ED-EC247194D92D}.Debug|x86.Build.0 = Debug|x86
		{C8D29BDA-CF23-4DC4-88ED-EC247194D92D}.Debug|x86.Deploy.0 = Debug|x86
		{C8D29BDA-CF23-4DC4-88ED-EC247194D92D}.Release|Any CPU.ActiveCfg = Release|Any CPU
		{C8D29BDA-CF23-4DC4-88ED-EC247194D92D}.Release|Any CPU.Build.0 = Release|Any CPU
		{C8D29BDA-CF23-4DC4-88ED-EC247194D92D}.Release|Any CPU.Deploy.0 = Release|Any CPU
		{C8D29BDA-CF23-4DC4-88ED-EC247194D92D}.Release|ARM.ActiveCfg = Release|ARM
		{C8D29BDA-CF23-4DC4-88ED-EC247194D92D}.Release|ARM.Build.0 = Release|ARM
		{C8D29BDA-CF23-4DC4-88ED-EC247194D92D}.Release|ARM.Deploy.0 = Release|ARM
		{C8D29BDA-CF23-4DC4-88ED-EC247194D92D}.Release|iPhone.ActiveCfg = Release|Any CPU
		{C8D29BDA-CF23-4DC4-88ED-EC247194D92D}.Release|iPhone.Build.0 = Release|Any CPU
		{C8D29BDA-CF23-4DC4-88ED-EC247194D92D}.Release|iPhone.Deploy.0 = Release|Any CPU
		{C8D29BDA-CF23-4DC4-88ED-EC247194D92D}.Release|iPhoneSimulator.ActiveCfg = Release|Any CPU
		{C8D29BDA-CF23-4DC4-88ED-EC247194D92D}.Release|iPhoneSimulator.Build.0 = Release|Any CPU
		{C8D29BDA-CF23-4DC4-88ED-EC247194D92D}.Release|iPhoneSimulator.Deploy.0 = Release|Any CPU
		{C8D29BDA-CF23-4DC4-88ED-EC247194D92D}.Release|x64.ActiveCfg = Release|x64
		{C8D29BDA-CF23-4DC4-88ED-EC247194D92D}.Release|x64.Build.0 = Release|x64
		{C8D29BDA-CF23-4DC4-88ED-EC247194D92D}.Release|x64.Deploy.0 = Release|x64
		{C8D29BDA-CF23-4DC4-88ED-EC247194D92D}.Release|x86.ActiveCfg = Release|x86
		{C8D29BDA-CF23-4DC4-88ED-EC247194D92D}.Release|x86.Build.0 = Release|x86
		{C8D29BDA-CF23-4DC4-88ED-EC247194D92D}.Release|x86.Deploy.0 = Release|x86
	EndGlobalSection
	GlobalSection(SolutionProperties) = preSolution
		HideSolutionNode = FALSE
	EndGlobalSection
EndGlobal
